
Microsoft Visual Studio Solution File, Format Version 12.00
# Visual Studio 14
VisualStudioVersion = 14.0.25123.0
MinimumVisualStudioVersion = 10.0.40219.1
Project("{8BC9CEB8-8B4A-11D0-8D11-00A0C91BC942}") = "UXBlumIO", "UXBlumIO\UXBlumIO.vcxproj", "{E88D675D-7929-4B84-B2DB-EE1704613D73}"
EndProject
Project("{8BC9CEB8-8B4A-11D0-8D11-00A0C91BC942}") = "Tasks", "Tasks\Tasks.vcxproj", "{191DC140-AB0D-48C5-8717-D2FA789385BF}"
EndProject
Global
	GlobalSection(SolutionConfigurationPlatforms) = preSolution
		Debug|ARM = Debug|ARM
		Debug|x64 = Debug|x64
		Debug|x86 = Debug|x86
		Release|ARM = Release|ARM
		Release|x64 = Release|x64
		Release|x86 = Release|x86
	EndGlobalSection
	GlobalSection(ProjectConfigurationPlatforms) = postSolution
		{E88D675D-7929-4B84-B2DB-EE1704613D73}.Debug|ARM.ActiveCfg = Debug|ARM
		{E88D675D-7929-4B84-B2DB-EE1704613D73}.Debug|ARM.Build.0 = Debug|ARM
		{E88D675D-7929-4B84-B2DB-EE1704613D73}.Debug|ARM.Deploy.0 = Debug|ARM
		{E88D675D-7929-4B84-B2DB-EE1704613D73}.Debug|x64.ActiveCfg = Debug|x64
		{E88D675D-7929-4B84-B2DB-EE1704613D73}.Debug|x64.Build.0 = Debug|x64
		{E88D675D-7929-4B84-B2DB-EE1704613D73}.Debug|x64.Deploy.0 = Debug|x64
		{E88D675D-7929-4B84-B2DB-EE1704613D73}.Debug|x86.ActiveCfg = Debug|Win32
		{E88D675D-7929-4B84-B2DB-EE1704613D73}.Debug|x86.Build.0 = Debug|Win32
		{E88D675D-7929-4B84-B2DB-EE1704613D73}.Debug|x86.Deploy.0 = Debug|Win32
		{E88D675D-7929-4B84-B2DB-EE1704613D73}.Release|ARM.ActiveCfg = Release|ARM
		{E88D675D-7929-4B84-B2DB-EE1704613D73}.Release|ARM.Build.0 = Release|ARM
		{E88D675D-7929-4B84-B2DB-EE1704613D73}.Release|ARM.Deploy.0 = Release|ARM
		{E88D675D-7929-4B84-B2DB-EE1704613D73}.Release|x64.ActiveCfg = Release|x64
		{E88D675D-7929-4B84-B2DB-EE1704613D73}.Release|x64.Build.0 = Release|x64
		{E88D675D-7929-4B84-B2DB-EE1704613D73}.Release|x64.Deploy.0 = Release|x64
		{E88D675D-7929-4B84-B2DB-EE1704613D73}.Release|x86.ActiveCfg = Release|Win32
		{E88D675D-7929-4B84-B2DB-EE1704613D73}.Release|x86.Build.0 = Release|Win32
		{E88D675D-7929-4B84-B2DB-EE1704613D73}.Release|x86.Deploy.0 = Release|Win32
		{191DC140-AB0D-48C5-8717-D2FA789385BF}.Debug|ARM.ActiveCfg = Debug|ARM
		{191DC140-AB0D-48C5-8717-D2FA789385BF}.Debug|ARM.Build.0 = Debug|ARM
		{191DC140-AB0D-48C5-8717-D2FA789385BF}.Debug|x64.ActiveCfg = Debug|x64
		{191DC140-AB0D-48C5-8717-D2FA789385BF}.Debug|x64.Build.0 = Debug|x64
		{191DC140-AB0D-48C5-8717-D2FA789385BF}.Debug|x86.ActiveCfg = Debug|Win32
		{191DC140-AB0D-48C5-8717-D2FA789385BF}.Debug|x86.Build.0 = Debug|Win32
		{191DC140-AB0D-48C5-8717-D2FA789385BF}.Release|ARM.ActiveCfg = Release|ARM
		{191DC140-AB0D-48C5-8717-D2FA789385BF}.Release|ARM.Build.0 = Release|ARM
		{191DC140-AB0D-48C5-8717-D2FA789385BF}.Release|x64.ActiveCfg = Release|x64
		{191DC140-AB0D-48C5-8717-D2FA789385BF}.Release|x64.Build.0 = Release|x64
		{191DC140-AB0D-48C5-8717-D2FA789385BF}.Release|x86.ActiveCfg = Release|Win32
		{191DC140-AB0D-48C5-8717-D2FA789385BF}.Release|x86.Build.0 = Release|Win32
	EndGlobalSection
	GlobalSection(SolutionProperties) = preSolution
		HideSolutionNode = FALSE
	EndGlobalSection
EndGlobal
